
Microsoft Visual Studio Solution File, Format Version 12.00
# Visual Studio Version 17
VisualStudioVersion = 17.3.32825.248
MinimumVisualStudioVersion = 10.0.40219.1
Project("{2150E333-8FDC-42A3-9474-1A3956D46DE8}") = "dal", "dal", "{AE6CC5B8-4823-4C82-9D7F-4545572CBA2F}"
EndProject
Project("{FAE04EC0-301F-11D3-BF4B-00C04F79EFBC}") = "Service", "Service\Service.csproj", "{9CF59B98-4330-4E57-99A0-DE61216973DF}"
EndProject
Global
	GlobalSection(SolutionConfigurationPlatforms) = preSolution
		Debug|Any CPU = Debug|Any CPU
		Release|Any CPU = Release|Any CPU
	EndGlobalSection
	GlobalSection(ProjectConfigurationPlatforms) = postSolution
		{9CF59B98-4330-4E57-99A0-DE61216973DF}.Debug|Any CPU.ActiveCfg = Debug|Any CPU
		{9CF59B98-4330-4E57-99A0-DE61216973DF}.Debug|Any CPU.Build.0 = Debug|Any CPU
		{9CF59B98-4330-4E57-99A0-DE61216973DF}.Release|Any CPU.ActiveCfg = Release|Any CPU
		{9CF59B98-4330-4E57-99A0-DE61216973DF}.Release|Any CPU.Build.0 = Release|Any CPU
	EndGlobalSection
	GlobalSection(SolutionProperties) = preSolution
		HideSolutionNode = FALSE
	EndGlobalSection
	GlobalSection(ExtensibilityGlobals) = postSolution
		SolutionGuid = {6D846D8E-A1BC-4F64-974A-0FD6C511100A}
	EndGlobalSection
EndGlobal
